{
  "name": "@cbtpro/use-vue-component",
  "version": "0.0.1",
  "lockfileVersion": 3,
  "requires": true,
  "packages": {
    "": {
      "name": "@cbtpro/use-vue-component",
      "version": "0.0.1",
      "license": "ISC",
      "devDependencies": {
        "@rollup/plugin-terser": "^0.4.4",
        "react": "^18.3.1",
        "rollup": "^2.79.1",
        "vue": "^3.4.33"
      }
    },
    "node_modules/@babel/parser": {
      "version": "7.24.8",
      "resolved": "https://mirrors.cloud.tencent.com/npm/@babel/parser/-/parser-7.24.8.tgz",
      "integrity": "sha512-WzfbgXOkGzZiXXCqk43kKwZjzwx4oulxZi3nq2TYL9mOjQv6kYwul9mz6ID36njuL7Xkp6nJEfok848Zj10j/w==",
      "dev": true,
      "bin": {
        "parser": "bin/babel-parser.js"
      },
      "engines": {
        "node": ">=6.0.0"
      }
    },
    "node_modules/@jridgewell/gen-mapping": {
      "version": "0.3.5",
      "resolved": "https://mirrors.cloud.tencent.com/npm/@jridgewell/gen-mapping/-/gen-mapping-0.3.5.tgz",
      "integrity": "sha512-IzL8ZoEDIBRWEzlCcRhOaCupYyN5gdIK+Q6fbFdPDg6HqX6jpkItn7DFIpW9LQzXG6Df9sA7+OKnq0qlz/GaQg==",
      "dev": true,
      "dependencies": {
        "@jridgewell/set-array": "^1.2.1",
        "@jridgewell/sourcemap-codec": "^1.4.10",
        "@jridgewell/trace-mapping": "^0.3.24"
      },
      "engines": {
        "node": ">=6.0.0"
      }
    },
    "node_modules/@jridgewell/resolve-uri": {
      "version": "3.1.2",
      "resolved": "https://mirrors.cloud.tencent.com/npm/@jridgewell/resolve-uri/-/resolve-uri-3.1.2.tgz",
      "integrity": "sha512-bRISgCIjP20/tbWSPWMEi54QVPRZExkuD9lJL+UIxUKtwVJA8wW1Trb1jMs1RFXo1CBTNZ/5hpC9QvmKWdopKw==",
      "dev": true,
      "engines": {
        "node": ">=6.0.0"
      }
    },
    "node_modules/@jridgewell/set-array": {
      "version": "1.2.1",
      "resolved": "https://mirrors.cloud.tencent.com/npm/@jridgewell/set-array/-/set-array-1.2.1.tgz",
      "integrity": "sha512-R8gLRTZeyp03ymzP/6Lil/28tGeGEzhx1q2k703KGWRAI1VdvPIXdG70VJc2pAMw3NA6JKL5hhFu1sJX0Mnn/A==",
      "dev": true,
      "engines": {
        "node": ">=6.0.0"
      }
    },
    "node_modules/@jridgewell/source-map": {
      "version": "0.3.6",
      "resolved": "https://mirrors.cloud.tencent.com/npm/@jridgewell/source-map/-/source-map-0.3.6.tgz",
      "integrity": "sha512-1ZJTZebgqllO79ue2bm3rIGud/bOe0pP5BjSRCRxxYkEZS8STV7zN84UBbiYu7jy+eCKSnVIUgoWWE/tt+shMQ==",
      "dev": true,
      "dependencies": {
        "@jridgewell/gen-mapping": "^0.3.5",
        "@jridgewell/trace-mapping": "^0.3.25"
      }
    },
    "node_modules/@jridgewell/sourcemap-codec": {
      "version": "1.5.0",
      "resolved": "https://mirrors.cloud.tencent.com/npm/@jridgewell/sourcemap-codec/-/sourcemap-codec-1.5.0.tgz",
      "integrity": "sha512-gv3ZRaISU3fjPAgNsriBRqGWQL6quFx04YMPW/zD8XMLsU32mhCCbfbO6KZFLjvYpCZ8zyDEgqsgf+PwPaM7GQ==",
      "dev": true
    },
    "node_modules/@jridgewell/trace-mapping": {
      "version": "0.3.25",
      "resolved": "https://mirrors.cloud.tencent.com/npm/@jridgewell/trace-mapping/-/trace-mapping-0.3.25.tgz",
      "integrity": "sha512-vNk6aEwybGtawWmy/PzwnGDOjCkLWSD2wqvjGGAgOAwCGWySYXfYoxt00IJkTF+8Lb57DwOb3Aa0o9CApepiYQ==",
      "dev": true,
      "dependencies": {
        "@jridgewell/resolve-uri": "^3.1.0",
        "@jridgewell/sourcemap-codec": "^1.4.14"
      }
    },
    "node_modules/@rollup/plugin-terser": {
      "version": "0.4.4",
      "resolved": "https://mirrors.cloud.tencent.com/npm/@rollup/plugin-terser/-/plugin-terser-0.4.4.tgz",
      "integrity": "sha512-XHeJC5Bgvs8LfukDwWZp7yeqin6ns8RTl2B9avbejt6tZqsqvVoWI7ZTQrcNsfKEDWBTnTxM8nMDkO2IFFbd0A==",
      "dev": true,
      "dependencies": {
        "serialize-javascript": "^6.0.1",
        "smob": "^1.0.0",
        "terser": "^5.17.4"
      },
      "engines": {
        "node": ">=14.0.0"
      },
      "peerDependencies": {
        "rollup": "^2.0.0||^3.0.0||^4.0.0"
      },
      "peerDependenciesMeta": {
        "rollup": {
          "optional": true
        }
      }
    },
    "node_modules/@vue/compiler-core": {
      "version": "3.4.33",
      "resolved": "https://mirrors.cloud.tencent.com/npm/@vue/compiler-core/-/compiler-core-3.4.33.tgz",
      "integrity": "sha512-MoIREbkdPQlnGfSKDMgzTqzqx5nmEjIc0ydLVYlTACGBsfvOJ4tHSbZXKVF536n6fB+0eZaGEOqsGThPpdvF5A==",
      "dev": true,
      "dependencies": {
        "@babel/parser": "^7.24.7",
        "@vue/shared": "3.4.33",
        "entities": "^4.5.0",
        "estree-walker": "^2.0.2",
        "source-map-js": "^1.2.0"
      }
    },
    "node_modules/@vue/compiler-dom": {
      "version": "3.4.33",
      "resolved": "https://mirrors.cloud.tencent.com/npm/@vue/compiler-dom/-/compiler-dom-3.4.33.tgz",
      "integrity": "sha512-GzB8fxEHKw0gGet5BKlpfXEqoBnzSVWwMnT+dc25wE7pFEfrU/QsvjZMP9rD4iVXHBBoemTct8mN0GJEI6ZX5A==",
      "dev": true,
      "dependencies": {
        "@vue/compiler-core": "3.4.33",
        "@vue/shared": "3.4.33"
      }
    },
    "node_modules/@vue/compiler-sfc": {
      "version": "3.4.33",
      "resolved": "https://mirrors.cloud.tencent.com/npm/@vue/compiler-sfc/-/compiler-sfc-3.4.33.tgz",
      "integrity": "sha512-7rk7Vbkn21xMwIUpHQR4hCVejwE6nvhBOiDgoBcR03qvGqRKA7dCBSsHZhwhYUsmjlbJ7OtD5UFIyhP6BY+c8A==",
      "dev": true,
      "dependencies": {
        "@babel/parser": "^7.24.7",
        "@vue/compiler-core": "3.4.33",
        "@vue/compiler-dom": "3.4.33",
        "@vue/compiler-ssr": "3.4.33",
        "@vue/shared": "3.4.33",
        "estree-walker": "^2.0.2",
        "magic-string": "^0.30.10",
        "postcss": "^8.4.39",
        "source-map-js": "^1.2.0"
      }
    },
    "node_modules/@vue/compiler-ssr": {
      "version": "3.4.33",
      "resolved": "https://mirrors.cloud.tencent.com/npm/@vue/compiler-ssr/-/compiler-ssr-3.4.33.tgz",
      "integrity": "sha512-0WveC9Ai+eT/1b6LCV5IfsufBZ0HP7pSSTdDjcuW302tTEgoBw8rHVHKPbGUtzGReUFCRXbv6zQDDgucnV2WzQ==",
      "dev": true,
      "dependencies": {
        "@vue/compiler-dom": "3.4.33",
        "@vue/shared": "3.4.33"
      }
    },
    "node_modules/@vue/reactivity": {
      "version": "3.4.33",
      "resolved": "https://mirrors.cloud.tencent.com/npm/@vue/reactivity/-/reactivity-3.4.33.tgz",
      "integrity": "sha512-B24QIelahDbyHipBgbUItQblbd4w5HpG3KccL+YkGyo3maXyS253FzcTR3pSz739OTphmzlxP7JxEMWBpewilA==",
      "dev": true,
      "dependencies": {
        "@vue/shared": "3.4.33"
      }
    },
    "node_modules/@vue/runtime-core": {
      "version": "3.4.33",
      "resolved": "https://mirrors.cloud.tencent.com/npm/@vue/runtime-core/-/runtime-core-3.4.33.tgz",
      "integrity": "sha512-6wavthExzT4iAxpe8q37/rDmf44nyOJGISJPxCi9YsQO+8w9v0gLCFLfH5TzD1V1AYrTAdiF4Y1cgUmP68jP6w==",
      "dev": true,
      "dependencies": {
        "@vue/reactivity": "3.4.33",
        "@vue/shared": "3.4.33"
      }
    },
    "node_modules/@vue/runtime-dom": {
      "version": "3.4.33",
      "resolved": "https://mirrors.cloud.tencent.com/npm/@vue/runtime-dom/-/runtime-dom-3.4.33.tgz",
      "integrity": "sha512-iHsMCUSFJ+4z432Bn9kZzHX+zOXa6+iw36DaVRmKYZpPt9jW9riF32SxNwB124i61kp9+AZtheQ/mKoJLerAaQ==",
      "dev": true,
      "dependencies": {
        "@vue/reactivity": "3.4.33",
        "@vue/runtime-core": "3.4.33",
        "@vue/shared": "3.4.33",
        "csstype": "^3.1.3"
      }
    },
    "node_modules/@vue/server-renderer": {
      "version": "3.4.33",
      "resolved": "https://mirrors.cloud.tencent.com/npm/@vue/server-renderer/-/server-renderer-3.4.33.tgz",
      "integrity": "sha512-jTH0d6gQcaYideFP/k0WdEu8PpRS9MF8d0b6SfZzNi+ap972pZ0TNIeTaESwdOtdY0XPVj54XEJ6K0wXxir4fw==",
      "dev": true,
      "dependencies": {
        "@vue/compiler-ssr": "3.4.33",
        "@vue/shared": "3.4.33"
      },
      "peerDependencies": {
        "vue": "3.4.33"
      }
    },
    "node_modules/@vue/shared": {
      "version": "3.4.33",
      "resolved": "https://mirrors.cloud.tencent.com/npm/@vue/shared/-/shared-3.4.33.tgz",
      "integrity": "sha512-aoRY0jQk3A/cuvdkodTrM4NMfxco8n55eG4H7ML/CRy7OryHfiqvug4xrCBBMbbN+dvXAetDDwZW9DXWWjBntA==",
      "dev": true
    },
    "node_modules/acorn": {
      "version": "8.12.1",
      "resolved": "https://mirrors.cloud.tencent.com/npm/acorn/-/acorn-8.12.1.tgz",
      "integrity": "sha512-tcpGyI9zbizT9JbV6oYE477V6mTlXvvi0T0G3SNIYE2apm/G5huBa1+K89VGeovbg+jycCrfhl3ADxErOuO6Jg==",
      "dev": true,
      "bin": {
        "acorn": "bin/acorn"
      },
      "engines": {
        "node": ">=0.4.0"
      }
    },
    "node_modules/buffer-from": {
      "version": "1.1.2",
      "resolved": "https://mirrors.cloud.tencent.com/npm/buffer-from/-/buffer-from-1.1.2.tgz",
      "integrity": "sha512-E+XQCRwSbaaiChtv6k6Dwgc+bx+Bs6vuKJHHl5kox/BaKbhiXzqQOwK4cO22yElGp2OCmjwVhT3HmxgyPGnJfQ==",
      "dev": true
    },
    "node_modules/commander": {
      "version": "2.20.3",
      "resolved": "https://mirrors.cloud.tencent.com/npm/commander/-/commander-2.20.3.tgz",
      "integrity": "sha512-GpVkmM8vF2vQUkj2LvZmD35JxeJOLCwJ9cUkugyk2nuhbv3+mJvpLYYt+0+USMxE+oj+ey/lJEnhZw75x/OMcQ==",
      "dev": true
    },
    "node_modules/csstype": {
      "version": "3.1.3",
      "resolved": "https://mirrors.cloud.tencent.com/npm/csstype/-/csstype-3.1.3.tgz",
      "integrity": "sha512-M1uQkMl8rQK/szD0LNhtqxIPLpimGm8sOBwU7lLnCpSbTyY3yeU1Vc7l4KT5zT4s/yOxHH5O7tIuuLOCnLADRw==",
      "dev": true
    },
    "node_modules/entities": {
      "version": "4.5.0",
      "resolved": "https://mirrors.cloud.tencent.com/npm/entities/-/entities-4.5.0.tgz",
      "integrity": "sha512-V0hjH4dGPh9Ao5p0MoRY6BVqtwCjhz6vI5LT8AJ55H+4g9/4vbHx1I54fS0XuclLhDHArPQCiMjDxjaL8fPxhw==",
      "dev": true,
      "engines": {
        "node": ">=0.12"
      },
      "funding": {
        "url": "https://github.com/fb55/entities?sponsor=1"
      }
    },
    "node_modules/estree-walker": {
      "version": "2.0.2",
      "resolved": "https://mirrors.cloud.tencent.com/npm/estree-walker/-/estree-walker-2.0.2.tgz",
      "integrity": "sha512-Rfkk/Mp/DL7JVje3u18FxFujQlTNR2q6QfMSMB7AvCBx91NGj/ba3kCfza0f6dVDbw7YlRf/nDrn7pQrCCyQ/w==",
      "dev": true
    },
    "node_modules/fsevents": {
      "version": "2.3.3",
      "resolved": "https://mirrors.cloud.tencent.com/npm/fsevents/-/fsevents-2.3.3.tgz",
      "integrity": "sha512-5xoDfX+fL7faATnagmWPpbFtwh/R77WmMMqqHGS65C3vvB0YHrgF+B1YmZ3441tMj5n63k0212XNoJwzlhffQw==",
      "dev": true,
      "hasInstallScript": true,
      "optional": true,
      "os": [
        "darwin"
      ],
      "engines": {
        "node": "^8.16.0 || ^10.6.0 || >=11.0.0"
      }
    },
    "node_modules/js-tokens": {
      "version": "4.0.0",
      "resolved": "https://mirrors.cloud.tencent.com/npm/js-tokens/-/js-tokens-4.0.0.tgz",
      "integrity": "sha512-RdJUflcE3cUzKiMqQgsCu06FPu9UdIJO0beYbPhHN4k6apgJtifcoCtT9bcxOpYBtpD2kCM6Sbzg4CausW/PKQ==",
      "dev": true
    },
    "node_modules/loose-envify": {
      "version": "1.4.0",
      "resolved": "https://mirrors.cloud.tencent.com/npm/loose-envify/-/loose-envify-1.4.0.tgz",
      "integrity": "sha512-lyuxPGr/Wfhrlem2CL/UcnUc1zcqKAImBDzukY7Y5F/yQiNdko6+fRLevlw1HgMySw7f611UIY408EtxRSoK3Q==",
      "dev": true,
      "dependencies": {
        "js-tokens": "^3.0.0 || ^4.0.0"
      },
      "bin": {
        "loose-envify": "cli.js"
      }
    },
    "node_modules/magic-string": {
      "version": "0.30.10",
      "resolved": "https://mirrors.cloud.tencent.com/npm/magic-string/-/magic-string-0.30.10.tgz",
      "integrity": "sha512-iIRwTIf0QKV3UAnYK4PU8uiEc4SRh5jX0mwpIwETPpHdhVM4f53RSwS/vXvN1JhGX+Cs7B8qIq3d6AH49O5fAQ==",
      "dev": true,
      "dependencies": {
        "@jridgewell/sourcemap-codec": "^1.4.15"
      }
    },
    "node_modules/nanoid": {
      "version": "3.3.7",
      "resolved": "https://mirrors.cloud.tencent.com/npm/nanoid/-/nanoid-3.3.7.tgz",
      "integrity": "sha512-eSRppjcPIatRIMC1U6UngP8XFcz8MQWGQdt1MTBQ7NaAmvXDfvNxbvWV3x2y6CdEUciCSsDHDQZbhYaB8QEo2g==",
      "dev": true,
      "funding": [
        {
          "type": "github",
          "url": "https://github.com/sponsors/ai"
        }
      ],
      "bin": {
        "nanoid": "bin/nanoid.cjs"
      },
      "engines": {
        "node": "^10 || ^12 || ^13.7 || ^14 || >=15.0.1"
      }
    },
    "node_modules/picocolors": {
      "version": "1.0.1",
      "resolved": "https://mirrors.cloud.tencent.com/npm/picocolors/-/picocolors-1.0.1.tgz",
      "integrity": "sha512-anP1Z8qwhkbmu7MFP5iTt+wQKXgwzf7zTyGlcdzabySa9vd0Xt392U0rVmz9poOaBj0uHJKyyo9/upk0HrEQew==",
      "dev": true
    },
    "node_modules/postcss": {
      "version": "8.4.39",
      "resolved": "https://mirrors.cloud.tencent.com/npm/postcss/-/postcss-8.4.39.tgz",
      "integrity": "sha512-0vzE+lAiG7hZl1/9I8yzKLx3aR9Xbof3fBHKunvMfOCYAtMhrsnccJY2iTURb9EZd5+pLuiNV9/c/GZJOHsgIw==",
      "dev": true,
      "funding": [
        {
          "type": "opencollective",
          "url": "https://opencollective.com/postcss/"
        },
        {
          "type": "tidelift",
          "url": "https://tidelift.com/funding/github/npm/postcss"
        },
        {
          "type": "github",
          "url": "https://github.com/sponsors/ai"
        }
      ],
      "dependencies": {
        "nanoid": "^3.3.7",
        "picocolors": "^1.0.1",
        "source-map-js": "^1.2.0"
      },
      "engines": {
        "node": "^10 || ^12 || >=14"
      }
    },
    "node_modules/randombytes": {
      "version": "2.1.0",
      "resolved": "https://mirrors.cloud.tencent.com/npm/randombytes/-/randombytes-2.1.0.tgz",
      "integrity": "sha512-vYl3iOX+4CKUWuxGi9Ukhie6fsqXqS9FE2Zaic4tNFD2N2QQaXOMFbuKK4QmDHC0JO6B1Zp41J0LpT0oR68amQ==",
      "dev": true,
      "dependencies": {
        "safe-buffer": "^5.1.0"
      }
    },
    "node_modules/react": {
      "version": "18.3.1",
      "resolved": "https://mirrors.cloud.tencent.com/npm/react/-/react-18.3.1.tgz",
      "integrity": "sha512-wS+hAgJShR0KhEvPJArfuPVN1+Hz1t0Y6n5jLrGQbkb4urgPE/0Rve+1kMB1v/oWgHgm4WIcV+i7F2pTVj+2iQ==",
      "dev": true,
      "dependencies": {
        "loose-envify": "^1.1.0"
      },
      "engines": {
        "node": ">=0.10.0"
      }
    },
    "node_modules/rollup": {
      "version": "2.79.1",
      "resolved": "https://mirrors.cloud.tencent.com/npm/rollup/-/rollup-2.79.1.tgz",
      "integrity": "sha512-uKxbd0IhMZOhjAiD5oAFp7BqvkA4Dv47qpOCtaNvng4HBwdbWtdOh8f5nZNuk2rp51PMGk3bzfWu5oayNEuYnw==",
      "dev": true,
      "bin": {
        "rollup": "dist/bin/rollup"
      },
      "engines": {
        "node": ">=10.0.0"
      },
      "optionalDependencies": {
        "fsevents": "~2.3.2"
      }
    },
    "node_modules/safe-buffer": {
      "version": "5.2.1",
      "resolved": "https://mirrors.cloud.tencent.com/npm/safe-buffer/-/safe-buffer-5.2.1.tgz",
      "integrity": "sha512-rp3So07KcdmmKbGvgaNxQSJr7bGVSVk5S9Eq1F+ppbRo70+YeaDxkw5Dd8NPN+GD6bjnYm2VuPuCXmpuYvmCXQ==",
      "dev": true,
      "funding": [
        {
          "type": "github",
          "url": "https://github.com/sponsors/feross"
        },
        {
          "type": "patreon",
          "url": "https://www.patreon.com/feross"
        },
        {
          "type": "consulting",
          "url": "https://feross.org/support"
        }
      ]
    },
    "node_modules/serialize-javascript": {
      "version": "6.0.2",
      "resolved": "https://mirrors.cloud.tencent.com/npm/serialize-javascript/-/serialize-javascript-6.0.2.tgz",
      "integrity": "sha512-Saa1xPByTTq2gdeFZYLLo+RFE35NHZkAbqZeWNd3BpzppeVisAqpDjcp8dyf6uIvEqJRd46jemmyA4iFIeVk8g==",
      "dev": true,
      "dependencies": {
        "randombytes": "^2.1.0"
      }
    },
    "node_modules/smob": {
      "version": "1.5.0",
      "resolved": "https://mirrors.cloud.tencent.com/npm/smob/-/smob-1.5.0.tgz",
      "integrity": "sha512-g6T+p7QO8npa+/hNx9ohv1E5pVCmWrVCUzUXJyLdMmftX6ER0oiWY/w9knEonLpnOp6b6FenKnMfR8gqwWdwig==",
      "dev": true
    },
    "node_modules/source-map": {
      "version": "0.6.1",
      "resolved": "https://mirrors.cloud.tencent.com/npm/source-map/-/source-map-0.6.1.tgz",
      "integrity": "sha512-UjgapumWlbMhkBgzT7Ykc5YXUT46F0iKu8SGXq0bcwP5dz/h0Plj6enJqjz1Zbq2l5WaqYnrVbwWOWMyF3F47g==",
      "dev": true,
      "engines": {
        "node": ">=0.10.0"
      }
    },
    "node_modules/source-map-js": {
      "version": "1.2.0",
      "resolved": "https://mirrors.cloud.tencent.com/npm/source-map-js/-/source-map-js-1.2.0.tgz",
      "integrity": "sha512-itJW8lvSA0TXEphiRoawsCksnlf8SyvmFzIhltqAHluXd88pkCd+cXJVHTDwdCr0IzwptSm035IHQktUu1QUMg==",
      "dev": true,
      "engines": {
        "node": ">=0.10.0"
      }
    },
    "node_modules/source-map-support": {
      "version": "0.5.21",
      "resolved": "https://mirrors.cloud.tencent.com/npm/source-map-support/-/source-map-support-0.5.21.tgz",
      "integrity": "sha512-uBHU3L3czsIyYXKX88fdrGovxdSCoTGDRZ6SYXtSRxLZUzHg5P/66Ht6uoUlHu9EZod+inXhKo3qQgwXUT/y1w==",
      "dev": true,
      "dependencies": {
        "buffer-from": "^1.0.0",
        "source-map": "^0.6.0"
      }
    },
    "node_modules/terser": {
      "version": "5.31.3",
      "resolved": "https://mirrors.cloud.tencent.com/npm/terser/-/terser-5.31.3.tgz",
      "integrity": "sha512-pAfYn3NIZLyZpa83ZKigvj6Rn9c/vd5KfYGX7cN1mnzqgDcxWvrU5ZtAfIKhEXz9nRecw4z3LXkjaq96/qZqAA==",
      "dev": true,
      "dependencies": {
        "@jridgewell/source-map": "^0.3.3",
        "acorn": "^8.8.2",
        "commander": "^2.20.0",
        "source-map-support": "~0.5.20"
      },
      "bin": {
        "terser": "bin/terser"
      },
      "engines": {
        "node": ">=10"
      }
    },
    "node_modules/vue": {
      "version": "3.4.33",
      "resolved": "https://mirrors.cloud.tencent.com/npm/vue/-/vue-3.4.33.tgz",
      "integrity": "sha512-VdMCWQOummbhctl4QFMcW6eNtXHsFyDlX60O/tsSQuCcuDOnJ1qPOhhVla65Niece7xq/P2zyZReIO5mP+LGTQ==",
      "dev": true,
      "dependencies": {
        "@vue/compiler-dom": "3.4.33",
        "@vue/compiler-sfc": "3.4.33",
        "@vue/runtime-dom": "3.4.33",
        "@vue/server-renderer": "3.4.33",
        "@vue/shared": "3.4.33"
      },
      "peerDependencies": {
        "typescript": "*"
      },
      "peerDependenciesMeta": {
        "typescript": {
          "optional": true
        }
      }
    }
  }
}
